
Microsoft Visual Studio Solution File, Format Version 12.00
# Visual Studio Version 16
VisualStudioVersion = 16.0.30114.105
MinimumVisualStudioVersion = 10.0.40219.1
Project("{FAE04EC0-301F-11D3-BF4B-00C04F79EFBC}") = "EZFXLayer", "..\EZFXLayer\EZFXLayer.csproj", "{42560829-AF9A-4792-8114-37E78FE47026}"
EndProject
Project("{FAE04EC0-301F-11D3-BF4B-00C04F79EFBC}") = "EZFXLayer.Test", "..\EZFXLayer.Test\EZFXLayer.Test.csproj", "{FD9B1D15-795D-429D-A725-A58AC7270173}"
EndProject
Global
	GlobalSection(SolutionConfigurationPlatforms) = preSolution
		Debug|Any CPU = Debug|Any CPU
		Release|Any CPU = Release|Any CPU
	EndGlobalSection
	GlobalSection(SolutionProperties) = preSolution
		HideSolutionNode = FALSE
	EndGlobalSection
	GlobalSection(ProjectConfigurationPlatforms) = postSolution
		{42560829-AF9A-4792-8114-37E78FE47026}.Debug|Any CPU.ActiveCfg = Debug|Any CPU
		{42560829-AF9A-4792-8114-37E78FE47026}.Debug|Any CPU.Build.0 = Debug|Any CPU
		{42560829-AF9A-4792-8114-37E78FE47026}.Release|Any CPU.ActiveCfg = Release|Any CPU
		{42560829-AF9A-4792-8114-37E78FE47026}.Release|Any CPU.Build.0 = Release|Any CPU
		{FD9B1D15-795D-429D-A725-A58AC7270173}.Debug|Any CPU.ActiveCfg = Debug|Any CPU
		{FD9B1D15-795D-429D-A725-A58AC7270173}.Debug|Any CPU.Build.0 = Debug|Any CPU
		{FD9B1D15-795D-429D-A725-A58AC7270173}.Release|Any CPU.ActiveCfg = Release|Any CPU
		{FD9B1D15-795D-429D-A725-A58AC7270173}.Release|Any CPU.Build.0 = Release|Any CPU
	EndGlobalSection
EndGlobal
